hash: c16f4ebacfb0f317ed8e90118ca4367d69843254687b34a600eecf3d38ff1348
updated: 2017-11-18T00:26:47.982271834+07:00
imports:
- name: github.com/gorilla/websocket
  version: ea4d1f681babbce9545c9c5f3d5194a789c89f5b
- name: github.com/satori/go.uuid
  version: 879c5887cd475cd7864858769793b2ceb0d44feb
testImports: []
