hash: 2cc20c276b5cd27640069a31bc5cfe8022421077c221332df49782f33dd006ef
updated: 2017-11-19T14:31:52.234249415+07:00
imports:
- name: github.com/gorilla/mux
  version: 7f08801859139f86dfafd1c296e2cba9a80d292e
- name: github.com/gorilla/websocket
  version: ea4d1f681babbce9545c9c5f3d5194a789c89f5b
- name: github.com/satori/go.uuid
  version: 879c5887cd475cd7864858769793b2ceb0d44feb
testImports: []
